
Microsoft Visual Studio Solution File, Format Version 12.00
# Visual Studio Version 17
VisualStudioVersion = 17.0.32112.339
MinimumVisualStudioVersion = 10.0.40219.1
Project("{FAE04EC0-301F-11D3-BF4B-00C04F79EFBC}") = "BluetoothDevicesScanner", "BluetoothDevicesScanner\BluetoothDevicesScanner.csproj", "{E8A49EEA-15DA-4728-BF44-1FB53C907BD1}"
EndProject
Project("{FAE04EC0-301F-11D3-BF4B-00C04F79EFBC}") = "AsyncEV3MotorCommandsLib", "AsyncEV3MotorCommandsLib\AsyncEV3MotorCommandsLib.csproj", "{1FC249EA-969D-469E-BED0-BB25A2EA0D5B}"
EndProject
Project("{FAE04EC0-301F-11D3-BF4B-00C04F79EFBC}") = "Lego.Ev3.Desktop", "Lego.Ev3.Desktop\Lego.Ev3.Desktop.csproj", "{79C444DE-86F1-4AFF-903A-4B6ED31655EA}"
EndProject
Project("{2150E333-8FDC-42A3-9474-1A3956D46DE8}") = "App", "App", "{6A03B072-CE12-4FA2-AB38-59985ABB27C2}"
EndProject
Project("{2150E333-8FDC-42A3-9474-1A3956D46DE8}") = "Libraries", "Libraries", "{A27AB1CD-0F77-47BE-8D7C-60F663D4C7FD}"
EndProject
Project("{FAE04EC0-301F-11D3-BF4B-00C04F79EFBC}") = "LegoControler", "LegoControler\LegoControler.csproj", "{E614915B-16F4-4676-BA61-40D5806AFF1A}"
EndProject
Global
	GlobalSection(SolutionConfigurationPlatforms) = preSolution
		Debug|Any CPU = Debug|Any CPU
		Release|Any CPU = Release|Any CPU
	EndGlobalSection
	GlobalSection(ProjectConfigurationPlatforms) = postSolution
		{E8A49EEA-15DA-4728-BF44-1FB53C907BD1}.Debug|Any CPU.ActiveCfg = Debug|Any CPU
		{E8A49EEA-15DA-4728-BF44-1FB53C907BD1}.Debug|Any CPU.Build.0 = Debug|Any CPU
		{E8A49EEA-15DA-4728-BF44-1FB53C907BD1}.Release|Any CPU.ActiveCfg = Release|Any CPU
		{E8A49EEA-15DA-4728-BF44-1FB53C907BD1}.Release|Any CPU.Build.0 = Release|Any CPU
		{1FC249EA-969D-469E-BED0-BB25A2EA0D5B}.Debug|Any CPU.ActiveCfg = Debug|Any CPU
		{1FC249EA-969D-469E-BED0-BB25A2EA0D5B}.Debug|Any CPU.Build.0 = Debug|Any CPU
		{1FC249EA-969D-469E-BED0-BB25A2EA0D5B}.Release|Any CPU.ActiveCfg = Release|Any CPU
		{1FC249EA-969D-469E-BED0-BB25A2EA0D5B}.Release|Any CPU.Build.0 = Release|Any CPU
		{79C444DE-86F1-4AFF-903A-4B6ED31655EA}.Debug|Any CPU.ActiveCfg = Debug|Any CPU
		{79C444DE-86F1-4AFF-903A-4B6ED31655EA}.Debug|Any CPU.Build.0 = Debug|Any CPU
		{79C444DE-86F1-4AFF-903A-4B6ED31655EA}.Release|Any CPU.ActiveCfg = Release|Any CPU
		{79C444DE-86F1-4AFF-903A-4B6ED31655EA}.Release|Any CPU.Build.0 = Release|Any CPU
		{E614915B-16F4-4676-BA61-40D5806AFF1A}.Debug|Any CPU.ActiveCfg = Debug|Any CPU
		{E614915B-16F4-4676-BA61-40D5806AFF1A}.Debug|Any CPU.Build.0 = Debug|Any CPU
		{E614915B-16F4-4676-BA61-40D5806AFF1A}.Release|Any CPU.ActiveCfg = Release|Any CPU
		{E614915B-16F4-4676-BA61-40D5806AFF1A}.Release|Any CPU.Build.0 = Release|Any CPU
	EndGlobalSection
	GlobalSection(SolutionProperties) = preSolution
		HideSolutionNode = FALSE
	EndGlobalSection
	GlobalSection(NestedProjects) = preSolution
		{E8A49EEA-15DA-4728-BF44-1FB53C907BD1} = {A27AB1CD-0F77-47BE-8D7C-60F663D4C7FD}
		{1FC249EA-969D-469E-BED0-BB25A2EA0D5B} = {A27AB1CD-0F77-47BE-8D7C-60F663D4C7FD}
		{79C444DE-86F1-4AFF-903A-4B6ED31655EA} = {A27AB1CD-0F77-47BE-8D7C-60F663D4C7FD}
		{E614915B-16F4-4676-BA61-40D5806AFF1A} = {6A03B072-CE12-4FA2-AB38-59985ABB27C2}
	EndGlobalSection
	GlobalSection(ExtensibilityGlobals) = postSolution
		SolutionGuid = {9FAA8052-038A-445E-8B99-EF67DAD3F84A}
	EndGlobalSection
EndGlobal
